
Microsoft Visual Studio Solution File, Format Version 12.00
# Visual Studio Version 17
VisualStudioVersion = 17.4.33213.308
MinimumVisualStudioVersion = 10.0.40219.1
Project("{FAE04EC0-301F-11D3-BF4B-00C04F79EFBC}") = "Perceptron", "Perceptron\Perceptron.csproj", "{AD01916B-4009-40E1-A838-B88C117C99A8}"
EndProject
Global
	GlobalSection(SolutionConfigurationPlatforms) = preSolution
		Debug|Any CPU = Debug|Any CPU
		Release|Any CPU = Release|Any CPU
	EndGlobalSection
	GlobalSection(ProjectConfigurationPlatforms) = postSolution
		{AD01916B-4009-40E1-A838-B88C117C99A8}.Debug|Any CPU.ActiveCfg = Debug|Any CPU
		{AD01916B-4009-40E1-A838-B88C117C99A8}.Debug|Any CPU.Build.0 = Debug|Any CPU
		{AD01916B-4009-40E1-A838-B88C117C99A8}.Release|Any CPU.ActiveCfg = Release|Any CPU
		{AD01916B-4009-40E1-A838-B88C117C99A8}.Release|Any CPU.Build.0 = Release|Any CPU
	EndGlobalSection
	GlobalSection(SolutionProperties) = preSolution
		HideSolutionNode = FALSE
	EndGlobalSection
	GlobalSection(ExtensibilityGlobals) = postSolution
		SolutionGuid = {C1992368-1423-4759-94AC-2FCC9D9EC3C7}
	EndGlobalSection
EndGlobal
